
Microsoft Visual Studio Solution File, Format Version 12.00
# Visual Studio Version 17
VisualStudioVersion = 17.1.32210.238
MinimumVisualStudioVersion = 10.0.40219.1
Project("{FAE04EC0-301F-11D3-BF4B-00C04F79EFBC}") = "Meth", "Meth\Meth.csproj", "{BC192330-045B-4DE0-AAA9-77D439C278B0}"
EndProject
Global
	GlobalSection(SolutionConfigurationPlatforms) = preSolution
		Debug|Any CPU = Debug|Any CPU
		Debug|x64 = Debug|x64
		Release|Any CPU = Release|Any CPU
		Release|x64 = Release|x64
	EndGlobalSection
	GlobalSection(ProjectConfigurationPlatforms) = postSolution
		{BC192330-045B-4DE0-AAA9-77D439C278B0}.Debug|Any CPU.ActiveCfg = Debug|Any CPU
		{BC192330-045B-4DE0-AAA9-77D439C278B0}.Debug|Any CPU.Build.0 = Debug|Any CPU
		{BC192330-045B-4DE0-AAA9-77D439C278B0}.Debug|x64.ActiveCfg = Debug|x64
		{BC192330-045B-4DE0-AAA9-77D439C278B0}.Debug|x64.Build.0 = Debug|x64
		{BC192330-045B-4DE0-AAA9-77D439C278B0}.Release|Any CPU.ActiveCfg = Release|Any CPU
		{BC192330-045B-4DE0-AAA9-77D439C278B0}.Release|Any CPU.Build.0 = Release|Any CPU
		{BC192330-045B-4DE0-AAA9-77D439C278B0}.Release|x64.ActiveCfg = Release|x64
		{BC192330-045B-4DE0-AAA9-77D439C278B0}.Release|x64.Build.0 = Release|x64
	EndGlobalSection
	GlobalSection(SolutionProperties) = preSolution
		HideSolutionNode = FALSE
	EndGlobalSection
	GlobalSection(ExtensibilityGlobals) = postSolution
		SolutionGuid = {B33DED2F-F7E4-40D5-9DAC-668708462B13}
	EndGlobalSection
EndGlobal
